
Microsoft Visual Studio Solution File, Format Version 12.00
# Visual Studio Version 16
VisualStudioVersion = 25.0.1706.9
MinimumVisualStudioVersion = 10.0.40219.1
Project("{FAE04EC0-301F-11D3-BF4B-00C04F79EFBC}") = "CalculatorExercise", "CalculatorExercise\CalculatorExercise.csproj", "{7BD419EF-D1C4-41F9-9219-643D58E7C779}"
EndProject
Project("{FAE04EC0-301F-11D3-BF4B-00C04F79EFBC}") = "Testproject", "Testproject\Testproject.csproj", "{49E92C89-2A49-4D10-9600-757A7E10E173}"
EndProject
Global
	GlobalSection(SolutionConfigurationPlatforms) = preSolution
		Debug|Any CPU = Debug|Any CPU
		Release|Any CPU = Release|Any CPU
	EndGlobalSection
	GlobalSection(ProjectConfigurationPlatforms) = postSolution
		{7BD419EF-D1C4-41F9-9219-643D58E7C779}.Debug|Any CPU.ActiveCfg = Debug|Any CPU
		{7BD419EF-D1C4-41F9-9219-643D58E7C779}.Debug|Any CPU.Build.0 = Debug|Any CPU
		{7BD419EF-D1C4-41F9-9219-643D58E7C779}.Release|Any CPU.ActiveCfg = Release|Any CPU
		{7BD419EF-D1C4-41F9-9219-643D58E7C779}.Release|Any CPU.Build.0 = Release|Any CPU
		{49E92C89-2A49-4D10-9600-757A7E10E173}.Debug|Any CPU.ActiveCfg = Debug|Any CPU
		{49E92C89-2A49-4D10-9600-757A7E10E173}.Debug|Any CPU.Build.0 = Debug|Any CPU
		{49E92C89-2A49-4D10-9600-757A7E10E173}.Release|Any CPU.ActiveCfg = Release|Any CPU
		{49E92C89-2A49-4D10-9600-757A7E10E173}.Release|Any CPU.Build.0 = Release|Any CPU
	EndGlobalSection
	GlobalSection(SolutionProperties) = preSolution
		HideSolutionNode = FALSE
	EndGlobalSection
	GlobalSection(ExtensibilityGlobals) = postSolution
		SolutionGuid = {F2FD3203-8781-4BD2-9968-1EF6A301460C}
	EndGlobalSection
EndGlobal
